// !$*UTF8*$!
{
	archiveVersion = 1;
	classes = {
	};
	objectVersion = 56;
	objects = {

/* Begin PBXBuildFile section */
		18A0B32779B69AD593A102F1 /* Pods_20230227_EkambaramEswaran_Chase.framework in Frameworks */ = {isa = PBXBuildFile; fileRef = 4E2106986E6D70EC1DBEA459 /* Pods_20230227_EkambaramEswaran_Chase.framework */; };
		9B68095A29AD40FE0071FBB0 /* DetailViewController.swift in Sources */ = {isa = PBXBuildFile; fileRef = 9B68095929AD40FE0071FBB0 /* DetailViewController.swift */; };
		9B68095C29AD4E040071FBB0 /* URL+Extensions.swift in Sources */ = {isa = PBXBuildFile; fileRef = 9B68095B29AD4E040071FBB0 /* URL+Extensions.swift */; };
		9B68095E29AD67310071FBB0 /* Utility.swift in Sources */ = {isa = PBXBuildFile; fileRef = 9B68095D29AD67310071FBB0 /* Utility.swift */; };
		9B68096429AD82FC0071FBB0 /* WeatherUI.xib in Resources */ = {isa = PBXBuildFile; fileRef = 9B68096329AD82FC0071FBB0 /* WeatherUI.xib */; };
		9B68096629AD83200071FBB0 /* WeatherUI.swift in Sources */ = {isa = PBXBuildFile; fileRef = 9B68096529AD83200071FBB0 /* WeatherUI.swift */; };
		9BE3DC3929AD262300F11279 /* AppDelegate.swift in Sources */ = {isa = PBXBuildFile; fileRef = 9BE3DC3829AD262300F11279 /* AppDelegate.swift */; };
		9BE3DC3B29AD262300F11279 /* SceneDelegate.swift in Sources */ = {isa = PBXBuildFile; fileRef = 9BE3DC3A29AD262300F11279 /* SceneDelegate.swift */; };
		9BE3DC3D29AD262300F11279 /* HomeViewController.swift in Sources */ = {isa = PBXBuildFile; fileRef = 9BE3DC3C29AD262300F11279 /* HomeViewController.swift */; };
		9BE3DC4029AD262300F11279 /* Main.storyboard in Resources */ = {isa = PBXBuildFile; fileRef = 9BE3DC3E29AD262300F11279 /* Main.storyboard */; };
		9BE3DC4229AD262500F11279 /* Assets.xcassets in Resources */ = {isa = PBXBuildFile; fileRef = 9BE3DC4129AD262500F11279 /* Assets.xcassets */; };
		9BE3DC4529AD262500F11279 /* LaunchScreen.storyboard in Resources */ = {isa = PBXBuildFile; fileRef = 9BE3DC4329AD262500F11279 /* LaunchScreen.storyboard */; };
		9BE3DC5029AD262500F11279 /* _0230227_EkambaramEswaran_ChaseTests.swift in Sources */ = {isa = PBXBuildFile; fileRef = 9BE3DC4F29AD262500F11279 /* _0230227_EkambaramEswaran_ChaseTests.swift */; };
		9BE3DC5A29AD262500F11279 /* _0230227_EkambaramEswaran_ChaseUITests.swift in Sources */ = {isa = PBXBuildFile; fileRef = 9BE3DC5929AD262500F11279 /* _0230227_EkambaramEswaran_ChaseUITests.swift */; };
		9BE3DC5C29AD262500F11279 /* _0230227_EkambaramEswaran_ChaseUITestsLaunchTests.swift in Sources */ = {isa = PBXBuildFile; fileRef = 9BE3DC5B29AD262500F11279 /* _0230227_EkambaramEswaran_ChaseUITestsLaunchTests.swift */; };
		9BE3DC6D29AD2B6C00F11279 /* NetworkManager.swift in Sources */ = {isa = PBXBuildFile; fileRef = 9BE3DC6C29AD2B6C00F11279 /* NetworkManager.swift */; };
		9BE3DC7029AD2BF100F11279 /* Constant.swift in Sources */ = {isa = PBXBuildFile; fileRef = 9BE3DC6F29AD2BF100F11279 /* Constant.swift */; };
		9BE3DC7229AD2F5F00F11279 /* WeatherResponseModel.swift in Sources */ = {isa = PBXBuildFile; fileRef = 9BE3DC7129AD2F5F00F11279 /* WeatherResponseModel.swift */; };
		9BE3DC7429AD30B200F11279 /* WeatherViewModel.swift in Sources */ = {isa = PBXBuildFile; fileRef = 9BE3DC7329AD30B200F11279 /* WeatherViewModel.swift */; };
		9BE3DC7629AD35D500F11279 /* CoreLocationManager.swift in Sources */ = {isa = PBXBuildFile; fileRef = 9BE3DC7529AD35D500F11279 /* CoreLocationManager.swift */; };
		9BE3DC7829AD39B000F11279 /* SearchResultViewController.swift in Sources */ = {isa = PBXBuildFile; fileRef = 9BE3DC7729AD39B000F11279 /* SearchResultViewController.swift */; };
		BE168729F51B292A3DBA9796 /* Pods_20230227_EkambaramEswaran_ChaseTests.framework in Frameworks */ = {isa = PBXBuildFile; fileRef = 9590FC89CC0150356E1B0005 /* Pods_20230227_EkambaramEswaran_ChaseTests.framework */; };
		D1FDCABABD1455643174BEEA /* Pods_20230227_EkambaramEswaran_Chase_20230227_EkambaramEswaran_ChaseUITests.framework in Frameworks */ = {isa = PBXBuildFile; fileRef = D09348A20874E85EA955268D /* Pods_20230227_EkambaramEswaran_Chase_20230227_EkambaramEswaran_ChaseUITests.framework */; };
/* End PBXBuildFile section */

/* Begin PBXContainerItemProxy section */
		9BE3DC4C29AD262500F11279 /* PBXContainerItemProxy */ = {
			isa = PBXContainerItemProxy;
			containerPortal = 9BE3DC2D29AD262300F11279 /* Project object */;
			proxyType = 1;
			remoteGlobalIDString = 9BE3DC3429AD262300F11279;
			remoteInfo = "20230227-EkambaramEswaran-Chase";
		};
		9BE3DC5629AD262500F11279 /* PBXContainerItemProxy */ = {
			isa = PBXContainerItemProxy;
			containerPortal = 9BE3DC2D29AD262300F11279 /* Project object */;
			proxyType = 1;
			remoteGlobalIDString = 9BE3DC3429AD262300F11279;
			remoteInfo = "20230227-EkambaramEswaran-Chase";
		};
/* End PBXContainerItemProxy section */

/* Begin PBXFileReference section */
		1427EB9382F6F5DA1226C0A6 /* Pods-20230227-EkambaramEswaran-ChaseTests.release.xcconfig */ = {isa = PBXFileReference; includeInIndex = 1; lastKnownFileType = text.xcconfig; name = "Pods-20230227-EkambaramEswaran-ChaseTests.release.xcconfig"; path = "Target Support Files/Pods-20230227-EkambaramEswaran-ChaseTests/Pods-20230227-EkambaramEswaran-ChaseTests.release.xcconfig"; sourceTree = "<group>"; };
		36B1BF1E424CE161E6DEAE91 /* Pods-20230227-EkambaramEswaran-Chase.debug.xcconfig */ = {isa = PBXFileReference; includeInIndex = 1; lastKnownFileType = text.xcconfig; name = "Pods-20230227-EkambaramEswaran-Chase.debug.xcconfig"; path = "Target Support Files/Pods-20230227-EkambaramEswaran-Chase/Pods-20230227-EkambaramEswaran-Chase.debug.xcconfig"; sourceTree = "<group>"; };
		4E2106986E6D70EC1DBEA459 /* Pods_20230227_EkambaramEswaran_Chase.framework */ = {isa = PBXFileReference; explicitFileType = wrapper.framework; includeInIndex = 0; path = Pods_20230227_EkambaramEswaran_Chase.framework; sourceTree = BUILT_PRODUCTS_DIR; };
		839C980F53F0F3B2E78A6AEE /* Pods-20230227-EkambaramEswaran-Chase-20230227-EkambaramEswaran-ChaseUITests.release.xcconfig */ = {isa = PBXFileReference; includeInIndex = 1; lastKnownFileType = text.xcconfig; name = "Pods-20230227-EkambaramEswaran-Chase-20230227-EkambaramEswaran-ChaseUITests.release.xcconfig"; path = "Target Support Files/Pods-20230227-EkambaramEswaran-Chase-20230227-EkambaramEswaran-ChaseUITests/Pods-20230227-EkambaramEswaran-Chase-20230227-EkambaramEswaran-ChaseUITests.release.xcconfig"; sourceTree = "<group>"; };
		9590FC89CC0150356E1B0005 /* Pods_20230227_EkambaramEswaran_ChaseTests.framework */ = {isa = PBXFileReference; explicitFileType = wrapper.framework; includeInIndex = 0; path = Pods_20230227_EkambaramEswaran_ChaseTests.framework; sourceTree = BUILT_PRODUCTS_DIR; };
		9B68095929AD40FE0071FBB0 /* DetailViewController.swift */ = {isa = PBXFileReference; lastKnownFileType = sourcecode.swift; path = DetailViewController.swift; sourceTree = "<group>"; };
		9B68095B29AD4E040071FBB0 /* URL+Extensions.swift */ = {isa = PBXFileReference; lastKnownFileType = sourcecode.swift; path = "URL+Extensions.swift"; sourceTree = "<group>"; };
		9B68095D29AD67310071FBB0 /* Utility.swift */ = {isa = PBXFileReference; lastKnownFileType = sourcecode.swift; path = Utility.swift; sourceTree = "<group>"; };
		9B68096329AD82FC0071FBB0 /* WeatherUI.xib */ = {isa = PBXFileReference; lastKnownFileType = file.xib; path = WeatherUI.xib; sourceTree = "<group>"; };
		9B68096529AD83200071FBB0 /* WeatherUI.swift */ = {isa = PBXFileReference; lastKnownFileType = sourcecode.swift; path = WeatherUI.swift; sourceTree = "<group>"; };
		9BE3DC3529AD262300F11279 /* 20230227-EkambaramEswaran-Chase.app */ = {isa = PBXFileReference; explicitFileType = wrapper.application; includeInIndex = 0; path = "20230227-EkambaramEswaran-Chase.app"; sourceTree = BUILT_PRODUCTS_DIR; };
		9BE3DC3829AD262300F11279 /* AppDelegate.swift */ = {isa = PBXFileReference; lastKnownFileType = sourcecode.swift; path = AppDelegate.swift; sourceTree = "<group>"; };
		9BE3DC3A29AD262300F11279 /* SceneDelegate.swift */ = {isa = PBXFileReference; lastKnownFileType = sourcecode.swift; path = SceneDelegate.swift; sourceTree = "<group>"; };
		9BE3DC3C29AD262300F11279 /* HomeViewController.swift */ = {isa = PBXFileReference; lastKnownFileType = sourcecode.swift; path = HomeViewController.swift; sourceTree = "<group>"; };
		9BE3DC3F29AD262300F11279 /* Base */ = {isa = PBXFileReference; lastKnownFileType = file.storyboard; name = Base; path = Base.lproj/Main.storyboard; sourceTree = "<group>"; };
		9BE3DC4129AD262500F11279 /* Assets.xcassets */ = {isa = PBXFileReference; lastKnownFileType = folder.assetcatalog; path = Assets.xcassets; sourceTree = "<group>"; };
		9BE3DC4429AD262500F11279 /* Base */ = {isa = PBXFileReference; lastKnownFileType = file.storyboard; name = Base; path = Base.lproj/LaunchScreen.storyboard; sourceTree = "<group>"; };
		9BE3DC4629AD262500F11279 /* Info.plist */ = {isa = PBXFileReference; lastKnownFileType = text.plist.xml; path = Info.plist; sourceTree = "<group>"; };
		9BE3DC4B29AD262500F11279 /* 20230227-EkambaramEswaran-ChaseTests.xctest */ = {isa = PBXFileReference; explicitFileType = wrapper.cfbundle; includeInIndex = 0; path = "20230227-EkambaramEswaran-ChaseTests.xctest"; sourceTree = BUILT_PRODUCTS_DIR; };
		9BE3DC4F29AD262500F11279 /* _0230227_EkambaramEswaran_ChaseTests.swift */ = {isa = PBXFileReference; lastKnownFileType = sourcecode.swift; path = _0230227_EkambaramEswaran_ChaseTests.swift; sourceTree = "<group>"; };
		9BE3DC5529AD262500F11279 /* 20230227-EkambaramEswaran-ChaseUITests.xctest */ = {isa = PBXFileReference; explicitFileType = wrapper.cfbundle; includeInIndex = 0; path = "20230227-EkambaramEswaran-ChaseUITests.xctest"; sourceTree = BUILT_PRODUCTS_DIR; };
		9BE3DC5929AD262500F11279 /* _0230227_EkambaramEswaran_ChaseUITests.swift */ = {isa = PBXFileReference; lastKnownFileType = sourcecode.swift; path = _0230227_EkambaramEswaran_ChaseUITests.swift; sourceTree = "<group>"; };
		9BE3DC5B29AD262500F11279 /* _0230227_EkambaramEswaran_ChaseUITestsLaunchTests.swift */ = {isa = PBXFileReference; lastKnownFileType = sourcecode.swift; path = _0230227_EkambaramEswaran_ChaseUITestsLaunchTests.swift; sourceTree = "<group>"; };
		9BE3DC6C29AD2B6C00F11279 /* NetworkManager.swift */ = {isa = PBXFileReference; lastKnownFileType = sourcecode.swift; path = NetworkManager.swift; sourceTree = "<group>"; };
		9BE3DC6F29AD2BF100F11279 /* Constant.swift */ = {isa = PBXFileReference; lastKnownFileType = sourcecode.swift; path = Constant.swift; sourceTree = "<group>"; };
		9BE3DC7129AD2F5F00F11279 /* WeatherResponseModel.swift */ = {isa = PBXFileReference; lastKnownFileType = sourcecode.swift; path = WeatherResponseModel.swift; sourceTree = "<group>"; };
		9BE3DC7329AD30B200F11279 /* WeatherViewModel.swift */ = {isa = PBXFileReference; lastKnownFileType = sourcecode.swift; path = WeatherViewModel.swift; sourceTree = "<group>"; };
		9BE3DC7529AD35D500F11279 /* CoreLocationManager.swift */ = {isa = PBXFileReference; lastKnownFileType = sourcecode.swift; path = CoreLocationManager.swift; sourceTree = "<group>"; };
		9BE3DC7729AD39B000F11279 /* SearchResultViewController.swift */ = {isa = PBXFileReference; lastKnownFileType = sourcecode.swift; path = SearchResultViewController.swift; sourceTree = "<group>"; };
		A428A016B1B14BDA3AA5B395 /* Pods-20230227-EkambaramEswaran-ChaseTests.debug.xcconfig */ = {isa = PBXFileReference; includeInIndex = 1; lastKnownFileType = text.xcconfig; name = "Pods-20230227-EkambaramEswaran-ChaseTests.debug.xcconfig"; path = "Target Support Files/Pods-20230227-EkambaramEswaran-ChaseTests/Pods-20230227-EkambaramEswaran-ChaseTests.debug.xcconfig"; sourceTree = "<group>"; };
		BD1DF7C6D249065C55A9D267 /* Pods-20230227-EkambaramEswaran-Chase.release.xcconfig */ = {isa = PBXFileReference; includeInIndex = 1; lastKnownFileType = text.xcconfig; name = "Pods-20230227-EkambaramEswaran-Chase.release.xcconfig"; path = "Target Support Files/Pods-20230227-EkambaramEswaran-Chase/Pods-20230227-EkambaramEswaran-Chase.release.xcconfig"; sourceTree = "<group>"; };
		C763CAB7B4FEA2DC2E6AEC59 /* Pods-20230227-EkambaramEswaran-Chase-20230227-EkambaramEswaran-ChaseUITests.debug.xcconfig */ = {isa = PBXFileReference; includeInIndex = 1; lastKnownFileType = text.xcconfig; name = "Pods-20230227-EkambaramEswaran-Chase-20230227-EkambaramEswaran-ChaseUITests.debug.xcconfig"; path = "Target Support Files/Pods-20230227-EkambaramEswaran-Chase-20230227-EkambaramEswaran-ChaseUITests/Pods-20230227-EkambaramEswaran-Chase-20230227-EkambaramEswaran-ChaseUITests.debug.xcconfig"; sourceTree = "<group>"; };
		D09348A20874E85EA955268D /* Pods_20230227_EkambaramEswaran_Chase_20230227_EkambaramEswaran_ChaseUITests.framework */ = {isa = PBXFileReference; explicitFileType = wrapper.framework; includeInIndex = 0; path = Pods_20230227_EkambaramEswaran_Chase_20230227_EkambaramEswaran_ChaseUITests.framework; sourceTree = BUILT_PRODUCTS_DIR; };
/* End PBXFileReference section */

/* Begin PBXFrameworksBuildPhase section */
		9BE3DC3229AD262300F11279 /* Frameworks */ = {
			isa = PBXFrameworksBuildPhase;
			buildActionMask = 2147483647;
			files = (
				18A0B32779B69AD593A102F1 /* Pods_20230227_EkambaramEswaran_Chase.framework in Frameworks */,
			);
			runOnlyForDeploymentPostprocessing = 0;
		};
		9BE3DC4829AD262500F11279 /* Frameworks */ = {
			isa = PBXFrameworksBuildPhase;
			buildActionMask = 2147483647;
			files = (
				BE168729F51B292A3DBA9796 /* Pods_20230227_EkambaramEswaran_ChaseTests.framework in Frameworks */,
			);
			runOnlyForDeploymentPostprocessing = 0;
		};
		9BE3DC5229AD262500F11279 /* Frameworks */ = {
			isa = PBXFrameworksBuildPhase;
			buildActionMask = 2147483647;
			files = (
				D1FDCABABD1455643174BEEA /* Pods_20230227_EkambaramEswaran_Chase_20230227_EkambaramEswaran_ChaseUITests.framework in Frameworks */,
			);
			runOnlyForDeploymentPostprocessing = 0;
		};
/* End PBXFrameworksBuildPhase section */

/* Begin PBXGroup section */
		149E0659875D56774E1CB24D /* Pods */ = {
			isa = PBXGroup;
			children = (
				36B1BF1E424CE161E6DEAE91 /* Pods-20230227-EkambaramEswaran-Chase.debug.xcconfig */,
				BD1DF7C6D249065C55A9D267 /* Pods-20230227-EkambaramEswaran-Chase.release.xcconfig */,
				C763CAB7B4FEA2DC2E6AEC59 /* Pods-20230227-EkambaramEswaran-Chase-20230227-EkambaramEswaran-ChaseUITests.debug.xcconfig */,
				839C980F53F0F3B2E78A6AEE /* Pods-20230227-EkambaramEswaran-Chase-20230227-EkambaramEswaran-ChaseUITests.release.xcconfig */,
				A428A016B1B14BDA3AA5B395 /* Pods-20230227-EkambaramEswaran-ChaseTests.debug.xcconfig */,
				1427EB9382F6F5DA1226C0A6 /* Pods-20230227-EkambaramEswaran-ChaseTests.release.xcconfig */,
			);
			path = Pods;
			sourceTree = "<group>";
		};
		7FF1DA39F2BE15B3BE6B090E /* Frameworks */ = {
			isa = PBXGroup;
			children = (
				4E2106986E6D70EC1DBEA459 /* Pods_20230227_EkambaramEswaran_Chase.framework */,
				D09348A20874E85EA955268D /* Pods_20230227_EkambaramEswaran_Chase_20230227_EkambaramEswaran_ChaseUITests.framework */,
				9590FC89CC0150356E1B0005 /* Pods_20230227_EkambaramEswaran_ChaseTests.framework */,
			);
			name = Frameworks;
			sourceTree = "<group>";
		};
		9B68096229AD82DE0071FBB0 /* CustomView */ = {
			isa = PBXGroup;
			children = (
				9B68096329AD82FC0071FBB0 /* WeatherUI.xib */,
				9B68096529AD83200071FBB0 /* WeatherUI.swift */,
			);
			path = CustomView;
			sourceTree = "<group>";
		};
		9BE3DC2C29AD262300F11279 = {
			isa = PBXGroup;
			children = (
				9BE3DC3729AD262300F11279 /* 20230227-EkambaramEswaran-Chase */,
				9BE3DC4E29AD262500F11279 /* 20230227-EkambaramEswaran-ChaseTests */,
				9BE3DC5829AD262500F11279 /* 20230227-EkambaramEswaran-ChaseUITests */,
				9BE3DC3629AD262300F11279 /* Products */,
				149E0659875D56774E1CB24D /* Pods */,
				7FF1DA39F2BE15B3BE6B090E /* Frameworks */,
			);
			sourceTree = "<group>";
		};
		9BE3DC3629AD262300F11279 /* Products */ = {
			isa = PBXGroup;
			children = (
				9BE3DC3529AD262300F11279 /* 20230227-EkambaramEswaran-Chase.app */,
				9BE3DC4B29AD262500F11279 /* 20230227-EkambaramEswaran-ChaseTests.xctest */,
				9BE3DC5529AD262500F11279 /* 20230227-EkambaramEswaran-ChaseUITests.xctest */,
			);
			name = Products;
			sourceTree = "<group>";
		};
		9BE3DC3729AD262300F11279 /* 20230227-EkambaramEswaran-Chase */ = {
			isa = PBXGroup;
			children = (
				9B68096229AD82DE0071FBB0 /* CustomView */,
				9BE3DC6E29AD2BE400F11279 /* Utility */,
				9BE3DC6A29AD26DC00F11279 /* NetworkManager */,
				9BE3DC6929AD26D400F11279 /* ViewModel */,
				9BE3DC6829AD26CC00F11279 /* Model */,
				9BE3DC6B29AD26ED00F11279 /* ViewController */,
				9BE3DC3829AD262300F11279 /* AppDelegate.swift */,
				9BE3DC3A29AD262300F11279 /* SceneDelegate.swift */,
				9BE3DC3E29AD262300F11279 /* Main.storyboard */,
				9BE3DC4129AD262500F11279 /* Assets.xcassets */,
				9BE3DC4329AD262500F11279 /* LaunchScreen.storyboard */,
				9BE3DC4629AD262500F11279 /* Info.plist */,
			);
			path = "20230227-EkambaramEswaran-Chase";
			sourceTree = "<group>";
		};
		9BE3DC4E29AD262500F11279 /* 20230227-EkambaramEswaran-ChaseTests */ = {
			isa = PBXGroup;
			children = (
				9BE3DC4F29AD262500F11279 /* _0230227_EkambaramEswaran_ChaseTests.swift */,
			);
			path = "20230227-EkambaramEswaran-ChaseTests";
			sourceTree = "<group>";
		};
		9BE3DC5829AD262500F11279 /* 20230227-EkambaramEswaran-ChaseUITests */ = {
			isa = PBXGroup;
			children = (
				9BE3DC5929AD262500F11279 /* _0230227_EkambaramEswaran_ChaseUITests.swift */,
				9BE3DC5B29AD262500F11279 /* _0230227_EkambaramEswaran_ChaseUITestsLaunchTests.swift */,
			);
			path = "20230227-EkambaramEswaran-ChaseUITests";
			sourceTree = "<group>";
		};
		9BE3DC6829AD26CC00F11279 /* Model */ = {
			isa = PBXGroup;
			children = (
				9BE3DC7129AD2F5F00F11279 /* WeatherResponseModel.swift */,
			);
			path = Model;
			sourceTree = "<group>";
		};
		9BE3DC6929AD26D400F11279 /* ViewModel */ = {
			isa = PBXGroup;
			children = (
				9BE3DC7329AD30B200F11279 /* WeatherViewModel.swift */,
			);
			path = ViewModel;
			sourceTree = "<group>";
		};
		9BE3DC6A29AD26DC00F11279 /* NetworkManager */ = {
			isa = PBXGroup;
			children = (
				9BE3DC6C29AD2B6C00F11279 /* NetworkManager.swift */,
			);
			path = NetworkManager;
			sourceTree = "<group>";
		};
		9BE3DC6B29AD26ED00F11279 /* ViewController */ = {
			isa = PBXGroup;
			children = (
				9BE3DC3C29AD262300F11279 /* HomeViewController.swift */,
				9BE3DC7729AD39B000F11279 /* SearchResultViewController.swift */,
				9B68095929AD40FE0071FBB0 /* DetailViewController.swift */,
			);
			path = ViewController;
			sourceTree = "<group>";
		};
		9BE3DC6E29AD2BE400F11279 /* Utility */ = {
			isa = PBXGroup;
			children = (
				9BE3DC6F29AD2BF100F11279 /* Constant.swift */,
				9BE3DC7529AD35D500F11279 /* CoreLocationManager.swift */,
				9B68095B29AD4E040071FBB0 /* URL+Extensions.swift */,
				9B68095D29AD67310071FBB0 /* Utility.swift */,
			);
			path = Utility;
			sourceTree = "<group>";
		};
/* End PBXGroup section */

/* Begin PBXNativeTarget section */
		9BE3DC3429AD262300F11279 /* 20230227-EkambaramEswaran-Chase */ = {
			isa = PBXNativeTarget;
			buildConfigurationList = 9BE3DC5F29AD262500F11279 /* Build configuration list for PBXNativeTarget "20230227-EkambaramEswaran-Chase" */;
			buildPhases = (
				3C379D8EE34F2043A9AC8C9E /* [CP] Check Pods Manifest.lock */,
				9BE3DC3129AD262300F11279 /* Sources */,
				9BE3DC3229AD262300F11279 /* Frameworks */,
				9BE3DC3329AD262300F11279 /* Resources */,
				F8A4BFED2B66BCAAF34621FC /* [CP] Embed Pods Frameworks */,
				9B68096929AD91020071FBB0 /* SwiftLint */,
			);
			buildRules = (
			);
			dependencies = (
			);
			name = "20230227-EkambaramEswaran-Chase";
			productName = "20230227-EkambaramEswaran-Chase";
			productReference = 9BE3DC3529AD262300F11279 /* 20230227-EkambaramEswaran-Chase.app */;
			productType = "com.apple.product-type.application";
		};
		9BE3DC4A29AD262500F11279 /* 20230227-EkambaramEswaran-ChaseTests */ = {
			isa = PBXNativeTarget;
			buildConfigurationList = 9BE3DC6229AD262500F11279 /* Build configuration list for PBXNativeTarget "20230227-EkambaramEswaran-ChaseTests" */;
			buildPhases = (
				DD44D1B00A6E92CA97A2771A /* [CP] Check Pods Manifest.lock */,
				9BE3DC4729AD262500F11279 /* Sources */,
				9BE3DC4829AD262500F11279 /* Frameworks */,
				9BE3DC4929AD262500F11279 /* Resources */,
			);
			buildRules = (
			);
			dependencies = (
				9BE3DC4D29AD262500F11279 /* PBXTargetDependency */,
			);
			name = "20230227-EkambaramEswaran-ChaseTests";
			productName = "20230227-EkambaramEswaran-ChaseTests";
			productReference = 9BE3DC4B29AD262500F11279 /* 20230227-EkambaramEswaran-ChaseTests.xctest */;
			productType = "com.apple.product-type.bundle.unit-test";
		};
		9BE3DC5429AD262500F11279 /* 20230227-EkambaramEswaran-ChaseUITests */ = {
			isa = PBXNativeTarget;
			buildConfigurationList = 9BE3DC6529AD262500F11279 /* Build configuration list for PBXNativeTarget "20230227-EkambaramEswaran-ChaseUITests" */;
			buildPhases = (
				886B5884DBBA2224559D17F2 /* [CP] Check Pods Manifest.lock */,
				9BE3DC5129AD262500F11279 /* Sources */,
				9BE3DC5229AD262500F11279 /* Frameworks */,
				9BE3DC5329AD262500F11279 /* Resources */,
				B01223EE3FA93D9833A30F15 /* [CP] Embed Pods Frameworks */,
			);
			buildRules = (
			);
			dependencies = (
				9BE3DC5729AD262500F11279 /* PBXTargetDependency */,
			);
			name = "20230227-EkambaramEswaran-ChaseUITests";
			productName = "20230227-EkambaramEswaran-ChaseUITests";
			productReference = 9BE3DC5529AD262500F11279 /* 20230227-EkambaramEswaran-ChaseUITests.xctest */;
			productType = "com.apple.product-type.bundle.ui-testing";
		};
/* End PBXNativeTarget section */

/* Begin PBXProject section */
		9BE3DC2D29AD262300F11279 /* Project object */ = {
			isa = PBXProject;
			attributes = {
				BuildIndependentTargetsInParallel = 1;
				LastSwiftUpdateCheck = 1420;
				LastUpgradeCheck = 1420;
				TargetAttributes = {
					9BE3DC3429AD262300F11279 = {
						CreatedOnToolsVersion = 14.2;
					};
					9BE3DC4A29AD262500F11279 = {
						CreatedOnToolsVersion = 14.2;
						TestTargetID = 9BE3DC3429AD262300F11279;
					};
					9BE3DC5429AD262500F11279 = {
						CreatedOnToolsVersion = 14.2;
						TestTargetID = 9BE3DC3429AD262300F11279;
					};
				};
			};
			buildConfigurationList = 9BE3DC3029AD262300F11279 /* Build configuration list for PBXProject "20230227-EkambaramEswaran-Chase" */;
			compatibilityVersion = "Xcode 14.0";
			developmentRegion = en;
			hasScannedForEncodings = 0;
			knownRegions = (
				en,
				Base,
			);
			mainGroup = 9BE3DC2C29AD262300F11279;
			productRefGroup = 9BE3DC3629AD262300F11279 /* Products */;
			projectDirPath = "";
			projectRoot = "";
			targets = (
				9BE3DC3429AD262300F11279 /* 20230227-EkambaramEswaran-Chase */,
				9BE3DC4A29AD262500F11279 /* 20230227-EkambaramEswaran-ChaseTests */,
				9BE3DC5429AD262500F11279 /* 20230227-EkambaramEswaran-ChaseUITests */,
			);
		};
/* End PBXProject section */

/* Begin PBXResourcesBuildPhase section */
		9BE3DC3329AD262300F11279 /* Resources */ = {
			isa = PBXResourcesBuildPhase;
			buildActionMask = 2147483647;
			files = (
				9B68096429AD82FC0071FBB0 /* WeatherUI.xib in Resources */,
				9BE3DC4529AD262500F11279 /* LaunchScreen.storyboard in Resources */,
				9BE3DC4229AD262500F11279 /* Assets.xcassets in Resources */,
				9BE3DC4029AD262300F11279 /* Main.storyboard in Resources */,
			);
			runOnlyForDeploymentPostprocessing = 0;
		};
		9BE3DC4929AD262500F11279 /* Resources */ = {
			isa = PBXResourcesBuildPhase;
			buildActionMask = 2147483647;
			files = (
			);
			runOnlyForDeploymentPostprocessing = 0;
		};
		9BE3DC5329AD262500F11279 /* Resources */ = {
			isa = PBXResourcesBuildPhase;
			buildActionMask = 2147483647;
			files = (
			);
			runOnlyForDeploymentPostprocessing = 0;
		};
/* End PBXResourcesBuildPhase section */

/* Begin PBXShellScriptBuildPhase section */
		3C379D8EE34F2043A9AC8C9E /* [CP] Check Pods Manifest.lock */ = {
			isa = PBXShellScriptBuildPhase;
			buildActionMask = 2147483647;
			files = (
			);
			inputFileListPaths = (
			);
			inputPaths = (
				"${PODS_PODFILE_DIR_PATH}/Podfile.lock",
				"${PODS_ROOT}/Manifest.lock",
			);
			name = "[CP] Check Pods Manifest.lock";
			outputFileListPaths = (
			);
			outputPaths = (
				"$(DERIVED_FILE_DIR)/Pods-20230227-EkambaramEswaran-Chase-checkManifestLockResult.txt",
			);
			runOnlyForDeploymentPostprocessing = 0;
			shellPath = /bin/sh;
			shellScript = "diff \"${PODS_PODFILE_DIR_PATH}/Podfile.lock\" \"${PODS_ROOT}/Manifest.lock\" > /dev/null\nif [ $? != 0 ] ; then\n    # print error to STDERR\n    echo \"error: The sandbox is not in sync with the Podfile.lock. Run 'pod install' or update your CocoaPods installation.\" >&2\n    exit 1\nfi\n# This output is used by Xcode 'outputs' to avoid re-running this script phase.\necho \"SUCCESS\" > \"${SCRIPT_OUTPUT_FILE_0}\"\n";
			showEnvVarsInLog = 0;
		};
		886B5884DBBA2224559D17F2 /* [CP] Check Pods Manifest.lock */ = {
			isa = PBXShellScriptBuildPhase;
			buildActionMask = 2147483647;
			files = (
			);
			inputFileListPaths = (
			);
			inputPaths = (
				"${PODS_PODFILE_DIR_PATH}/Podfile.lock",
				"${PODS_ROOT}/Manifest.lock",
			);
			name = "[CP] Check Pods Manifest.lock";
			outputFileListPaths = (
			);
			outputPaths = (
				"$(DERIVED_FILE_DIR)/Pods-20230227-EkambaramEswaran-Chase-20230227-EkambaramEswaran-ChaseUITests-checkManifestLockResult.txt",
			);
			runOnlyForDeploymentPostprocessing = 0;
			shellPath = /bin/sh;
			shellScript = "diff \"${PODS_PODFILE_DIR_PATH}/Podfile.lock\" \"${PODS_ROOT}/Manifest.lock\" > /dev/null\nif [ $? != 0 ] ; then\n    # print error to STDERR\n    echo \"error: The sandbox is not in sync with the Podfile.lock. Run 'pod install' or update your CocoaPods installation.\" >&2\n    exit 1\nfi\n# This output is used by Xcode 'outputs' to avoid re-running this script phase.\necho \"SUCCESS\" > \"${SCRIPT_OUTPUT_FILE_0}\"\n";
			showEnvVarsInLog = 0;
		};
		9B68096929AD91020071FBB0 /* SwiftLint */ = {
			isa = PBXShellScriptBuildPhase;
			buildActionMask = 2147483647;
			files = (
			);
			inputFileListPaths = (
			);
			inputPaths = (
			);
			name = SwiftLint;
			outputFileListPaths = (
			);
			outputPaths = (
			);
			runOnlyForDeploymentPostprocessing = 0;
			shellPath = /bin/sh;
			shellScript = "#export PATH=\"$PATH:/opt/homebrew/bin\"\n#if which swiftlint > /dev/null; then\n#  swiftlint\n#else\n # echo \"warning: SwiftLint not installed, download from https://github.com/realm/SwiftLint\"\n#fi\n";
		};
		B01223EE3FA93D9833A30F15 /* [CP] Embed Pods Frameworks */ = {
			isa = PBXShellScriptBuildPhase;
			buildActionMask = 2147483647;
			files = (
			);
			inputFileListPaths = (
				"${PODS_ROOT}/Target Support Files/Pods-20230227-EkambaramEswaran-Chase-20230227-EkambaramEswaran-ChaseUITests/Pods-20230227-EkambaramEswaran-Chase-20230227-EkambaramEswaran-ChaseUITests-frameworks-${CONFIGURATION}-input-files.xcfilelist",
			);
			name = "[CP] Embed Pods Frameworks";
			outputFileListPaths = (
				"${PODS_ROOT}/Target Support Files/Pods-20230227-EkambaramEswaran-Chase-20230227-EkambaramEswaran-ChaseUITests/Pods-20230227-EkambaramEswaran-Chase-20230227-EkambaramEswaran-ChaseUITests-frameworks-${CONFIGURATION}-output-files.xcfilelist",
			);
			runOnlyForDeploymentPostprocessing = 0;
			shellPath = /bin/sh;
			shellScript = "\"${PODS_ROOT}/Target Support Files/Pods-20230227-EkambaramEswaran-Chase-20230227-EkambaramEswaran-ChaseUITests/Pods-20230227-EkambaramEswaran-Chase-20230227-EkambaramEswaran-ChaseUITests-frameworks.sh\"\n";
			showEnvVarsInLog = 0;
		};
		DD44D1B00A6E92CA97A2771A /* [CP] Check Pods Manifest.lock */ = {
			isa = PBXShellScriptBuildPhase;
			buildActionMask = 2147483647;
			files = (
			);
			inputFileListPaths = (
			);
			inputPaths = (
				"${PODS_PODFILE_DIR_PATH}/Podfile.lock",
				"${PODS_ROOT}/Manifest.lock",
			);
			name = "[CP] Check Pods Manifest.lock";
			outputFileListPaths = (
			);
			outputPaths = (
				"$(DERIVED_FILE_DIR)/Pods-20230227-EkambaramEswaran-ChaseTests-checkManifestLockResult.txt",
			);
			runOnlyForDeploymentPostprocessing = 0;
			shellPath = /bin/sh;
			shellScript = "diff \"${PODS_PODFILE_DIR_PATH}/Podfile.lock\" \"${PODS_ROOT}/Manifest.lock\" > /dev/null\nif [ $? != 0 ] ; then\n    # print error to STDERR\n    echo \"error: The sandbox is not in sync with the Podfile.lock. Run 'pod install' or update your CocoaPods installation.\" >&2\n    exit 1\nfi\n# This output is used by Xcode 'outputs' to avoid re-running this script phase.\necho \"SUCCESS\" > \"${SCRIPT_OUTPUT_FILE_0}\"\n";
			showEnvVarsInLog = 0;
		};
		F8A4BFED2B66BCAAF34621FC /* [CP] Embed Pods Frameworks */ = {
			isa = PBXShellScriptBuildPhase;
			buildActionMask = 2147483647;
			files = (
			);
			inputFileListPaths = (
				"${PODS_ROOT}/Target Support Files/Pods-20230227-EkambaramEswaran-Chase/Pods-20230227-EkambaramEswaran-Chase-frameworks-${CONFIGURATION}-input-files.xcfilelist",
			);
			name = "[CP] Embed Pods Frameworks";
			outputFileListPaths = (
				"${PODS_ROOT}/Target Support Files/Pods-20230227-EkambaramEswaran-Chase/Pods-20230227-EkambaramEswaran-Chase-frameworks-${CONFIGURATION}-output-files.xcfilelist",
			);
			runOnlyForDeploymentPostprocessing = 0;
			shellPath = /bin/sh;
			shellScript = "\"${PODS_ROOT}/Target Support Files/Pods-20230227-EkambaramEswaran-Chase/Pods-20230227-EkambaramEswaran-Chase-frameworks.sh\"\n";
			showEnvVarsInLog = 0;
		};
/* End PBXShellScriptBuildPhase section */

/* Begin PBXSourcesBuildPhase section */
		9BE3DC3129AD262300F11279 /* Sources */ = {
			isa = PBXSourcesBuildPhase;
			buildActionMask = 2147483647;
			files = (
				9B68095C29AD4E040071FBB0 /* URL+Extensions.swift in Sources */,
				9BE3DC3D29AD262300F11279 /* HomeViewController.swift in Sources */,
				9BE3DC7829AD39B000F11279 /* SearchResultViewController.swift in Sources */,
				9BE3DC7229AD2F5F00F11279 /* WeatherResponseModel.swift in Sources */,
				9BE3DC6D29AD2B6C00F11279 /* NetworkManager.swift in Sources */,
				9BE3DC7429AD30B200F11279 /* WeatherViewModel.swift in Sources */,
				9BE3DC7029AD2BF100F11279 /* Constant.swift in Sources */,
				9BE3DC3929AD262300F11279 /* AppDelegate.swift in Sources */,
				9B68096629AD83200071FBB0 /* WeatherUI.swift in Sources */,
				9B68095E29AD67310071FBB0 /* Utility.swift in Sources */,
				9B68095A29AD40FE0071FBB0 /* DetailViewController.swift in Sources */,
				9BE3DC7629AD35D500F11279 /* CoreLocationManager.swift in Sources */,
				9BE3DC3B29AD262300F11279 /* SceneDelegate.swift in Sources */,
			);
			runOnlyForDeploymentPostprocessing = 0;
		};
		9BE3DC4729AD262500F11279 /* Sources */ = {
			isa = PBXSourcesBuildPhase;
			buildActionMask = 2147483647;
			files = (
				9BE3DC5029AD262500F11279 /* _0230227_EkambaramEswaran_ChaseTests.swift in Sources */,
			);
			runOnlyForDeploymentPostprocessing = 0;
		};
		9BE3DC5129AD262500F11279 /* Sources */ = {
			isa = PBXSourcesBuildPhase;
			buildActionMask = 2147483647;
			files = (
				9BE3DC5C29AD262500F11279 /* _0230227_EkambaramEswaran_ChaseUITestsLaunchTests.swift in Sources */,
				9BE3DC5A29AD262500F11279 /* _0230227_EkambaramEswaran_ChaseUITests.swift in Sources */,
			);
			runOnlyForDeploymentPostprocessing = 0;
		};
/* End PBXSourcesBuildPhase section */

/* Begin PBXTargetDependency section */
		9BE3DC4D29AD262500F11279 /* PBXTargetDependency */ = {
			isa = PBXTargetDependency;
			target = 9BE3DC3429AD262300F11279 /* 20230227-EkambaramEswaran-Chase */;
			targetProxy = 9BE3DC4C29AD262500F11279 /* PBXContainerItemProxy */;
		};
		9BE3DC5729AD262500F11279 /* PBXTargetDependency */ = {
			isa = PBXTargetDependency;
			target = 9BE3DC3429AD262300F11279 /* 20230227-EkambaramEswaran-Chase */;
			targetProxy = 9BE3DC5629AD262500F11279 /* PBXContainerItemProxy */;
		};
/* End PBXTargetDependency section */

/* Begin PBXVariantGroup section */
		9BE3DC3E29AD262300F11279 /* Main.storyboard */ = {
			isa = PBXVariantGroup;
			children = (
				9BE3DC3F29AD262300F11279 /* Base */,
			);
			name = Main.storyboard;
			sourceTree = "<group>";
		};
		9BE3DC4329AD262500F11279 /* LaunchScreen.storyboard */ = {
			isa = PBXVariantGroup;
			children = (
				9BE3DC4429AD262500F11279 /* Base */,
			);
			name = LaunchScreen.storyboard;
			sourceTree = "<group>";
		};
/* End PBXVariantGroup section */

/* Begin XCBuildConfiguration section */
		9BE3DC5D29AD262500F11279 /* Debug */ = {
			isa = XCBuildConfiguration;
			buildSettings = {
				ALWAYS_SEARCH_USER_PATHS = NO;
				CLANG_ANALYZER_NONNULL = YES;
				CLANG_ANALYZER_NUMBER_OBJECT_CONVERSION = YES_AGGRESSIVE;
				CLANG_CXX_LANGUAGE_STANDARD = "gnu++20";
				CLANG_ENABLE_MODULES = YES;
				CLANG_ENABLE_OBJC_ARC = YES;
				CLANG_ENABLE_OBJC_WEAK = YES;
				CLANG_WARN_BLOCK_CAPTURE_AUTORELEASING = YES;
				CLANG_WARN_BOOL_CONVERSION = YES;
				CLANG_WARN_COMMA = YES;
				CLANG_WARN_CONSTANT_CONVERSION = YES;
				CLANG_WARN_DEPRECATED_OBJC_IMPLEMENTATIONS = YES;
				CLANG_WARN_DIRECT_OBJC_ISA_USAGE = YES_ERROR;
				CLANG_WARN_DOCUMENTATION_COMMENTS = YES;
				CLANG_WARN_EMPTY_BODY = YES;
				CLANG_WARN_ENUM_CONVERSION = YES;
				CLANG_WARN_INFINITE_RECURSION = YES;
				CLANG_WARN_INT_CONVERSION = YES;
				CLANG_WARN_NON_LITERAL_NULL_CONVERSION = YES;
				CLANG_WARN_OBJC_IMPLICIT_RETAIN_SELF = YES;
				CLANG_WARN_OBJC_LITERAL_CONVERSION = YES;
				CLANG_WARN_OBJC_ROOT_CLASS = YES_ERROR;
				CLANG_WARN_QUOTED_INCLUDE_IN_FRAMEWORK_HEADER = YES;
				CLANG_WARN_RANGE_LOOP_ANALYSIS = YES;
				CLANG_WARN_STRICT_PROTOTYPES = YES;
				CLANG_WARN_SUSPICIOUS_MOVE = YES;
				CLANG_WARN_UNGUARDED_AVAILABILITY = YES_AGGRESSIVE;
				CLANG_WARN_UNREACHABLE_CODE = YES;
				CLANG_WARN__DUPLICATE_METHOD_MATCH = YES;
				COPY_PHASE_STRIP = NO;
				DEBUG_INFORMATION_FORMAT = dwarf;
				ENABLE_STRICT_OBJC_MSGSEND = YES;
				ENABLE_TESTABILITY = YES;
				GCC_C_LANGUAGE_STANDARD = gnu11;
				GCC_DYNAMIC_NO_PIC = NO;
				GCC_NO_COMMON_BLOCKS = YES;
				GCC_OPTIMIZATION_LEVEL = 0;
				GCC_PREPROCESSOR_DEFINITIONS = (
					"DEBUG=1",
					"$(inherited)",
				);
				GCC_WARN_64_TO_32_BIT_CONVERSION = YES;
				GCC_WARN_ABOUT_RETURN_TYPE = YES_ERROR;
				GCC_WARN_UNDECLARED_SELECTOR = YES;
				GCC_WARN_UNINITIALIZED_AUTOS = YES_AGGRESSIVE;
				GCC_WARN_UNUSED_FUNCTION = YES;
				GCC_WARN_UNUSED_VARIABLE = YES;
				IPHONEOS_DEPLOYMENT_TARGET = 16.2;
				MTL_ENABLE_DEBUG_INFO = INCLUDE_SOURCE;
				MTL_FAST_MATH = YES;
				ONLY_ACTIVE_ARCH = YES;
				SDKROOT = iphoneos;
				SWIFT_ACTIVE_COMPILATION_CONDITIONS = DEBUG;
				SWIFT_OPTIMIZATION_LEVEL = "-Onone";
			};
			name = Debug;
		};
		9BE3DC5E29AD262500F11279 /* Release */ = {
			isa = XCBuildConfiguration;
			buildSettings = {
				ALWAYS_SEARCH_USER_PATHS = NO;
				CLANG_ANALYZER_NONNULL = YES;
				CLANG_ANALYZER_NUMBER_OBJECT_CONVERSION = YES_AGGRESSIVE;
				CLANG_CXX_LANGUAGE_STANDARD = "gnu++20";
				CLANG_ENABLE_MODULES = YES;
				CLANG_ENABLE_OBJC_ARC = YES;
				CLANG_ENABLE_OBJC_WEAK = YES;
				CLANG_WARN_BLOCK_CAPTURE_AUTORELEASING = YES;
				CLANG_WARN_BOOL_CONVERSION = YES;
				CLANG_WARN_COMMA = YES;
				CLANG_WARN_CONSTANT_CONVERSION = YES;
				CLANG_WARN_DEPRECATED_OBJC_IMPLEMENTATIONS = YES;
				CLANG_WARN_DIRECT_OBJC_ISA_USAGE = YES_ERROR;
				CLANG_WARN_DOCUMENTATION_COMMENTS = YES;
				CLANG_WARN_EMPTY_BODY = YES;
				CLANG_WARN_ENUM_CONVERSION = YES;
				CLANG_WARN_INFINITE_RECURSION = YES;
				CLANG_WARN_INT_CONVERSION = YES;
				CLANG_WARN_NON_LITERAL_NULL_CONVERSION = YES;
				CLANG_WARN_OBJC_IMPLICIT_RETAIN_SELF = YES;
				CLANG_WARN_OBJC_LITERAL_CONVERSION = YES;
				CLANG_WARN_OBJC_ROOT_CLASS = YES_ERROR;
				CLANG_WARN_QUOTED_INCLUDE_IN_FRAMEWORK_HEADER = YES;
				CLANG_WARN_RANGE_LOOP_ANALYSIS = YES;
				CLANG_WARN_STRICT_PROTOTYPES = YES;
				CLANG_WARN_SUSPICIOUS_MOVE = YES;
				CLANG_WARN_UNGUARDED_AVAILABILITY = YES_AGGRESSIVE;
				CLANG_WARN_UNREACHABLE_CODE = YES;
				CLANG_WARN__DUPLICATE_METHOD_MATCH = YES;
				COPY_PHASE_STRIP = NO;
				DEBUG_INFORMATION_FORMAT = "dwarf-with-dsym";
				ENABLE_NS_ASSERTIONS = NO;
				ENABLE_STRICT_OBJC_MSGSEND = YES;
				GCC_C_LANGUAGE_STANDARD = gnu11;
				GCC_NO_COMMON_BLOCKS = YES;
				GCC_WARN_64_TO_32_BIT_CONVERSION = YES;
				GCC_WARN_ABOUT_RETURN_TYPE = YES_ERROR;
				GCC_WARN_UNDECLARED_SELECTOR = YES;
				GCC_WARN_UNINITIALIZED_AUTOS = YES_AGGRESSIVE;
				GCC_WARN_UNUSED_FUNCTION = YES;
				GCC_WARN_UNUSED_VARIABLE = YES;
				IPHONEOS_DEPLOYMENT_TARGET = 16.2;
				MTL_ENABLE_DEBUG_INFO = NO;
				MTL_FAST_MATH = YES;
				SDKROOT = iphoneos;
				SWIFT_COMPILATION_MODE = wholemodule;
				SWIFT_OPTIMIZATION_LEVEL = "-O";
				VALIDATE_PRODUCT = YES;
			};
			name = Release;
		};
		9BE3DC6029AD262500F11279 /* Debug */ = {
			isa = XCBuildConfiguration;
			baseConfigurationReference = 36B1BF1E424CE161E6DEAE91 /* Pods-20230227-EkambaramEswaran-Chase.debug.xcconfig */;
			buildSettings = {
				ASSETCATALOG_COMPILER_APPICON_NAME = AppIcon;
				ASSETCATALOG_COMPILER_GLOBAL_ACCENT_COLOR_NAME = AccentColor;
				CODE_SIGN_STYLE = Automatic;
				CURRENT_PROJECT_VERSION = 1;
				DEVELOPMENT_TEAM = Q5A3EDN6GM;
				GENERATE_INFOPLIST_FILE = YES;
				INFOPLIST_FILE = "20230227-EkambaramEswaran-Chase/Info.plist";
				INFOPLIST_KEY_NSLocationAlwaysAndWhenInUseUsageDescription = "Your location allows Weather to retrieve companies near you";
				INFOPLIST_KEY_NSLocationAlwaysUsageDescription = "Your location allows Weather to retrieve companies near you";
				INFOPLIST_KEY_NSLocationWhenInUseUsageDescription = "Your location allows Weather to retrieve companies near you";
				INFOPLIST_KEY_UIApplicationSupportsIndirectInputEvents = YES;
				INFOPLIST_KEY_UILaunchStoryboardName = LaunchScreen;
				INFOPLIST_KEY_UIMainStoryboardFile = Main;
				INFOPLIST_KEY_UISupportedInterfaceOrientations_iPad = "UIInterfaceOrientationPortrait UIInterfaceOrientationPortraitUpsideDown UIInterfaceOrientationLandscapeLeft UIInterfaceOrientationLandscapeRight";
				INFOPLIST_KEY_UISupportedInterfaceOrientations_iPhone = "UIInterfaceOrientationPortrait UIInterfaceOrientationLandscapeLeft UIInterfaceOrientationLandscapeRight";
				LD_RUNPATH_SEARCH_PATHS = (
					"$(inherited)",
					"@executable_path/Frameworks",
				);
				MARKETING_VERSION = 1.0;
				PRODUCT_BUNDLE_IDENTIFIER = "com.ekambaram-Inc.-0230227-EkambaramEswaran-Chase";
				PRODUCT_NAME = "$(TARGET_NAME)";
				SWIFT_EMIT_LOC_STRINGS = YES;
				SWIFT_VERSION = 5.0;
				TARGETED_DEVICE_FAMILY = "1,2";
			};
			name = Debug;
		};
		9BE3DC6129AD262500F11279 /* Release */ = {
			isa = XCBuildConfiguration;
			baseConfigurationReference = BD1DF7C6D249065C55A9D267 /* Pods-20230227-EkambaramEswaran-Chase.release.xcconfig */;
			buildSettings = {
				ASSETCATALOG_COMPILER_APPICON_NAME = AppIcon;
				ASSETCATALOG_COMPILER_GLOBAL_ACCENT_COLOR_NAME = AccentColor;
				CODE_SIGN_STYLE = Automatic;
				CURRENT_PROJECT_VERSION = 1;
				DEVELOPMENT_TEAM = Q5A3EDN6GM;
				GENERATE_INFOPLIST_FILE = YES;
				INFOPLIST_FILE = "20230227-EkambaramEswaran-Chase/Info.plist";
				INFOPLIST_KEY_NSLocationAlwaysAndWhenInUseUsageDescription = "Your location allows Weather to retrieve companies near you";
				INFOPLIST_KEY_NSLocationAlwaysUsageDescription = "Your location allows Weather to retrieve companies near you";
				INFOPLIST_KEY_NSLocationWhenInUseUsageDescription = "Your location allows Weather to retrieve companies near you";
				INFOPLIST_KEY_UIApplicationSupportsIndirectInputEvents = YES;
				INFOPLIST_KEY_UILaunchStoryboardName = LaunchScreen;
				INFOPLIST_KEY_UIMainStoryboardFile = Main;
				INFOPLIST_KEY_UISupportedInterfaceOrientations_iPad = "UIInterfaceOrientationPortrait UIInterfaceOrientationPortraitUpsideDown UIInterfaceOrientationLandscapeLeft UIInterfaceOrientationLandscapeRight";
				INFOPLIST_KEY_UISupportedInterfaceOrientations_iPhone = "UIInterfaceOrientationPortrait UIInterfaceOrientationLandscapeLeft UIInterfaceOrientationLandscapeRight";
				LD_RUNPATH_SEARCH_PATHS = (
					"$(inherited)",
					"@executable_path/Frameworks",
				);
				MARKETING_VERSION = 1.0;
				PRODUCT_BUNDLE_IDENTIFIER = "com.ekambaram-Inc.-0230227-EkambaramEswaran-Chase";
				PRODUCT_NAME = "$(TARGET_NAME)";
				SWIFT_EMIT_LOC_STRINGS = YES;
				SWIFT_VERSION = 5.0;
				TARGETED_DEVICE_FAMILY = "1,2";
			};
			name = Release;
		};
		9BE3DC6329AD262500F11279 /* Debug */ = {
			isa = XCBuildConfiguration;
			baseConfigurationReference = A428A016B1B14BDA3AA5B395 /* Pods-20230227-EkambaramEswaran-ChaseTests.debug.xcconfig */;
			buildSettings = {
				ALWAYS_EMBED_SWIFT_STANDARD_LIBRARIES = YES;
				BUNDLE_LOADER = "$(TEST_HOST)";
				CODE_SIGN_STYLE = Automatic;
				CURRENT_PROJECT_VERSION = 1;
				DEVELOPMENT_TEAM = Q5A3EDN6GM;
				GENERATE_INFOPLIST_FILE = YES;
				IPHONEOS_DEPLOYMENT_TARGET = 16.2;
				MARKETING_VERSION = 1.0;
				PRODUCT_BUNDLE_IDENTIFIER = "com.ekambaram-Inc.-0230227-EkambaramEswaran-ChaseTests";
				PRODUCT_NAME = "$(TARGET_NAME)";
				SWIFT_EMIT_LOC_STRINGS = NO;
				SWIFT_VERSION = 5.0;
				TARGETED_DEVICE_FAMILY = "1,2";
				TEST_HOST = "$(BUILT_PRODUCTS_DIR)/20230227-EkambaramEswaran-Chase.app/$(BUNDLE_EXECUTABLE_FOLDER_PATH)/20230227-EkambaramEswaran-Chase";
			};
			name = Debug;
		};
		9BE3DC6429AD262500F11279 /* Release */ = {
			isa = XCBuildConfiguration;
			baseConfigurationReference = 1427EB9382F6F5DA1226C0A6 /* Pods-20230227-EkambaramEswaran-ChaseTests.release.xcconfig */;
			buildSettings = {
				ALWAYS_EMBED_SWIFT_STANDARD_LIBRARIES = YES;
				BUNDLE_LOADER = "$(TEST_HOST)";
				CODE_SIGN_STYLE = Automatic;
				CURRENT_PROJECT_VERSION = 1;
				DEVELOPMENT_TEAM = Q5A3EDN6GM;
				GENERATE_INFOPLIST_FILE = YES;
				IPHONEOS_DEPLOYMENT_TARGET = 16.2;
				MARKETING_VERSION = 1.0;
				PRODUCT_BUNDLE_IDENTIFIER = "com.ekambaram-Inc.-0230227-EkambaramEswaran-ChaseTests";
				PRODUCT_NAME = "$(TARGET_NAME)";
				SWIFT_EMIT_LOC_STRINGS = NO;
				SWIFT_VERSION = 5.0;
				TARGETED_DEVICE_FAMILY = "1,2";
				TEST_HOST = "$(BUILT_PRODUCTS_DIR)/20230227-EkambaramEswaran-Chase.app/$(BUNDLE_EXECUTABLE_FOLDER_PATH)/20230227-EkambaramEswaran-Chase";
			};
			name = Release;
		};
		9BE3DC6629AD262500F11279 /* Debug */ = {
			isa = XCBuildConfiguration;
			baseConfigurationReference = C763CAB7B4FEA2DC2E6AEC59 /* Pods-20230227-EkambaramEswaran-Chase-20230227-EkambaramEswaran-ChaseUITests.debug.xcconfig */;
			buildSettings = {
				ALWAYS_EMBED_SWIFT_STANDARD_LIBRARIES = YES;
				CODE_SIGN_STYLE = Automatic;
				CURRENT_PROJECT_VERSION = 1;
				DEVELOPMENT_TEAM = Q5A3EDN6GM;
				GENERATE_INFOPLIST_FILE = YES;
				MARKETING_VERSION = 1.0;
				PRODUCT_BUNDLE_IDENTIFIER = "com.ekambaram-Inc.-0230227-EkambaramEswaran-ChaseUITests";
				PRODUCT_NAME = "$(TARGET_NAME)";
				SWIFT_EMIT_LOC_STRINGS = NO;
				SWIFT_VERSION = 5.0;
				TARGETED_DEVICE_FAMILY = "1,2";
				TEST_TARGET_NAME = "20230227-EkambaramEswaran-Chase";
			};
			name = Debug;
		};
		9BE3DC6729AD262500F11279 /* Release */ = {
			isa = XCBuildConfiguration;
			baseConfigurationReference = 839C980F53F0F3B2E78A6AEE /* Pods-20230227-EkambaramEswaran-Chase-20230227-EkambaramEswaran-ChaseUITests.release.xcconfig */;
			buildSettings = {
				ALWAYS_EMBED_SWIFT_STANDARD_LIBRARIES = YES;
				CODE_SIGN_STYLE = Automatic;
				CURRENT_PROJECT_VERSION = 1;
				DEVELOPMENT_TEAM = Q5A3EDN6GM;
				GENERATE_INFOPLIST_FILE = YES;
				MARKETING_VERSION = 1.0;
				PRODUCT_BUNDLE_IDENTIFIER = "com.ekambaram-Inc.-0230227-EkambaramEswaran-ChaseUITests";
				PRODUCT_NAME = "$(TARGET_NAME)";
				SWIFT_EMIT_LOC_STRINGS = NO;
				SWIFT_VERSION = 5.0;
				TARGETED_DEVICE_FAMILY = "1,2";
				TEST_TARGET_NAME = "20230227-EkambaramEswaran-Chase";
			};
			name = Release;
		};
/* End XCBuildConfiguration section */

/* Begin XCConfigurationList section */
		9BE3DC3029AD262300F11279 /* Build configuration list for PBXProject "20230227-EkambaramEswaran-Chase" */ = {
			isa = XCConfigurationList;
			buildConfigurations = (
				9BE3DC5D29AD262500F11279 /* Debug */,
				9BE3DC5E29AD262500F11279 /* Release */,
			);
			defaultConfigurationIsVisible = 0;
			defaultConfigurationName = Release;
		};
		9BE3DC5F29AD262500F11279 /* Build configuration list for PBXNativeTarget "20230227-EkambaramEswaran-Chase" */ = {
			isa = XCConfigurationList;
			buildConfigurations = (
				9BE3DC6029AD262500F11279 /* Debug */,
				9BE3DC6129AD262500F11279 /* Release */,
			);
			defaultConfigurationIsVisible = 0;
			defaultConfigurationName = Release;
		};
		9BE3DC6229AD262500F11279 /* Build configuration list for PBXNativeTarget "20230227-EkambaramEswaran-ChaseTests" */ = {
			isa = XCConfigurationList;
			buildConfigurations = (
				9BE3DC6329AD262500F11279 /* Debug */,
				9BE3DC6429AD262500F11279 /* Release */,
			);
			defaultConfigurationIsVisible = 0;
			defaultConfigurationName = Release;
		};
		9BE3DC6529AD262500F11279 /* Build configuration list for PBXNativeTarget "20230227-EkambaramEswaran-ChaseUITests" */ = {
			isa = XCConfigurationList;
			buildConfigurations = (
				9BE3DC6629AD262500F11279 /* Debug */,
				9BE3DC6729AD262500F11279 /* Release */,
			);
			defaultConfigurationIsVisible = 0;
			defaultConfigurationName = Release;
		};
/* End XCConfigurationList section */
	};
	rootObject = 9BE3DC2D29AD262300F11279 /* Project object */;
}
